// !$*UTF8*$!
{
	archiveVersion = 1;
	classes = {
	};
	objectVersion = 50;
	objects = {

/* Begin PBXBuildFile section */
		84CEA141275577C000083906 /* FavoritedCity.swift in Sources */ = {isa = PBXBuildFile; fileRef = 84CEA140275577C000083906 /* FavoritedCity.swift */; };
		84CEA1432755920100083906 /* FavoritesController.swift in Sources */ = {isa = PBXBuildFile; fileRef = 84CEA1422755920100083906 /* FavoritesController.swift */; };
		DF12BF5F2757FB35003E1A0E /* CustomModalViewController.swift in Sources */ = {isa = PBXBuildFile; fileRef = DF12BF5E2757FB35003E1A0E /* CustomModalViewController.swift */; };
		DF12BF6127581A29003E1A0E /* Reviews.swift in Sources */ = {isa = PBXBuildFile; fileRef = DF12BF6027581A29003E1A0E /* Reviews.swift */; };
		DF3BA3EB274B49490088D8D6 /* DetailedViewController.swift in Sources */ = {isa = PBXBuildFile; fileRef = DF3BA3EA274B49490088D8D6 /* DetailedViewController.swift */; };
		DF4A958327548E9B005ABBB8 /* favData.plist in Resources */ = {isa = PBXBuildFile; fileRef = DF4A958227548E9B005ABBB8 /* favData.plist */; };
		DF5BDE0A275346290015B367 /* Explore.swift in Sources */ = {isa = PBXBuildFile; fileRef = DF5BDE09275346290015B367 /* Explore.swift */; };
		DFF14F5E27409E710028B82A /* Restaurants.swift in Sources */ = {isa = PBXBuildFile; fileRef = DFF14F5D27409E710028B82A /* Restaurants.swift */; };
		DFF14F6027409F160028B82A /* FetchRestaurantData.swift in Sources */ = {isa = PBXBuildFile; fileRef = DFF14F5F27409F160028B82A /* FetchRestaurantData.swift */; };
		DFF14F662740A4320028B82A /* CustomCell.swift in Sources */ = {isa = PBXBuildFile; fileRef = DFF14F652740A4320028B82A /* CustomCell.swift */; };
		DFF14F682740A4780028B82A /* CustomCell.xib in Resources */ = {isa = PBXBuildFile; fileRef = DFF14F672740A4780028B82A /* CustomCell.xib */; };
		E18F855E2758017D00B11EFA /* ProfileViewController.swift in Sources */ = {isa = PBXBuildFile; fileRef = E18F855D2758017D00B11EFA /* ProfileViewController.swift */; };
		E18F85662758283400B11EFA /* EditProfileViewController.swift in Sources */ = {isa = PBXBuildFile; fileRef = E18F85652758283400B11EFA /* EditProfileViewController.swift */; };
		E18F856A27583C5700B11EFA /* ProfileController.swift in Sources */ = {isa = PBXBuildFile; fileRef = E18F856927583C5700B11EFA /* ProfileController.swift */; };
		E18F856C27583EDA00B11EFA /* Profile.swift in Sources */ = {isa = PBXBuildFile; fileRef = E18F856B27583EDA00B11EFA /* Profile.swift */; };
		E1DF17B9273C6ABE005A5951 /* AppDelegate.swift in Sources */ = {isa = PBXBuildFile; fileRef = E1DF17B8273C6ABE005A5951 /* AppDelegate.swift */; };
		E1DF17BB273C6ABE005A5951 /* SceneDelegate.swift in Sources */ = {isa = PBXBuildFile; fileRef = E1DF17BA273C6ABE005A5951 /* SceneDelegate.swift */; };
		E1DF17BD273C6ABE005A5951 /* ViewController.swift in Sources */ = {isa = PBXBuildFile; fileRef = E1DF17BC273C6ABE005A5951 /* ViewController.swift */; };
		E1DF17C0273C6ABE005A5951 /* Main.storyboard in Resources */ = {isa = PBXBuildFile; fileRef = E1DF17BE273C6ABE005A5951 /* Main.storyboard */; };
		E1DF17C2273C6ABF005A5951 /* Assets.xcassets in Resources */ = {isa = PBXBuildFile; fileRef = E1DF17C1273C6ABF005A5951 /* Assets.xcassets */; };
		E1DF17C5273C6ABF005A5951 /* LaunchScreen.storyboard in Resources */ = {isa = PBXBuildFile; fileRef = E1DF17C3273C6ABF005A5951 /* LaunchScreen.storyboard */; };
		E1DF17D0273C6ABF005A5951 /* PlanMyVacationTests.swift in Sources */ = {isa = PBXBuildFile; fileRef = E1DF17CF273C6ABF005A5951 /* PlanMyVacationTests.swift */; };
		E1DF17DB273C6AC0005A5951 /* PlanMyVacationUITests.swift in Sources */ = {isa = PBXBuildFile; fileRef = E1DF17DA273C6AC0005A5951 /* PlanMyVacationUITests.swift */; };
/* End PBXBuildFile section */

/* Begin PBXContainerItemProxy section */
		E1DF17CC273C6ABF005A5951 /* PBXContainerItemProxy */ = {
			isa = PBXContainerItemProxy;
			containerPortal = E1DF17AD273C6ABE005A5951 /* Project object */;
			proxyType = 1;
			remoteGlobalIDString = E1DF17B4273C6ABE005A5951;
			remoteInfo = PlanMyVacation;
		};
		E1DF17D7273C6AC0005A5951 /* PBXContainerItemProxy */ = {
			isa = PBXContainerItemProxy;
			containerPortal = E1DF17AD273C6ABE005A5951 /* Project object */;
			proxyType = 1;
			remoteGlobalIDString = E1DF17B4273C6ABE005A5951;
			remoteInfo = PlanMyVacation;
		};
/* End PBXContainerItemProxy section */

/* Begin PBXFileReference section */
		84CEA140275577C000083906 /* FavoritedCity.swift */ = {isa = PBXFileReference; lastKnownFileType = sourcecode.swift; path = FavoritedCity.swift; sourceTree = "<group>"; };
		84CEA1422755920100083906 /* FavoritesController.swift */ = {isa = PBXFileReference; lastKnownFileType = sourcecode.swift; path = FavoritesController.swift; sourceTree = "<group>"; };
		DF12BF5E2757FB35003E1A0E /* CustomModalViewController.swift */ = {isa = PBXFileReference; lastKnownFileType = sourcecode.swift; path = CustomModalViewController.swift; sourceTree = "<group>"; };
		DF12BF6027581A29003E1A0E /* Reviews.swift */ = {isa = PBXFileReference; lastKnownFileType = sourcecode.swift; path = Reviews.swift; sourceTree = "<group>"; };
		DF3BA3EA274B49490088D8D6 /* DetailedViewController.swift */ = {isa = PBXFileReference; lastKnownFileType = sourcecode.swift; path = DetailedViewController.swift; sourceTree = "<group>"; };
		DF4A958027548E35005ABBB8 /* favoriteListClass.swift */ = {isa = PBXFileReference; lastKnownFileType = sourcecode.swift; path = favoriteListClass.swift; sourceTree = "<group>"; };
		DF4A958227548E9B005ABBB8 /* favData.plist */ = {isa = PBXFileReference; lastKnownFileType = text.plist.xml; path = favData.plist; sourceTree = "<group>"; };
		DF5BDE09275346290015B367 /* Explore.swift */ = {isa = PBXFileReference; lastKnownFileType = sourcecode.swift; path = Explore.swift; sourceTree = "<group>"; };
		DFF14F5D27409E710028B82A /* Restaurants.swift */ = {isa = PBXFileReference; lastKnownFileType = sourcecode.swift; path = Restaurants.swift; sourceTree = "<group>"; };
		DFF14F5F27409F160028B82A /* FetchRestaurantData.swift */ = {isa = PBXFileReference; lastKnownFileType = sourcecode.swift; path = FetchRestaurantData.swift; sourceTree = "<group>"; };
		DFF14F652740A4320028B82A /* CustomCell.swift */ = {isa = PBXFileReference; lastKnownFileType = sourcecode.swift; path = CustomCell.swift; sourceTree = "<group>"; };
		DFF14F672740A4780028B82A /* CustomCell.xib */ = {isa = PBXFileReference; lastKnownFileType = file.xib; path = CustomCell.xib; sourceTree = "<group>"; };
		E18F855D2758017D00B11EFA /* ProfileViewController.swift */ = {isa = PBXFileReference; lastKnownFileType = sourcecode.swift; path = ProfileViewController.swift; sourceTree = "<group>"; };
		E18F85652758283400B11EFA /* EditProfileViewController.swift */ = {isa = PBXFileReference; lastKnownFileType = sourcecode.swift; path = EditProfileViewController.swift; sourceTree = "<group>"; };
		E18F856927583C5700B11EFA /* ProfileController.swift */ = {isa = PBXFileReference; lastKnownFileType = sourcecode.swift; path = ProfileController.swift; sourceTree = "<group>"; };
		E18F856B27583EDA00B11EFA /* Profile.swift */ = {isa = PBXFileReference; lastKnownFileType = sourcecode.swift; path = Profile.swift; sourceTree = "<group>"; };
		E1DF17B5273C6ABE005A5951 /* PlanMyVacation.app */ = {isa = PBXFileReference; explicitFileType = wrapper.application; includeInIndex = 0; path = PlanMyVacation.app; sourceTree = BUILT_PRODUCTS_DIR; };
		E1DF17B8273C6ABE005A5951 /* AppDelegate.swift */ = {isa = PBXFileReference; lastKnownFileType = sourcecode.swift; path = AppDelegate.swift; sourceTree = "<group>"; };
		E1DF17BA273C6ABE005A5951 /* SceneDelegate.swift */ = {isa = PBXFileReference; lastKnownFileType = sourcecode.swift; path = SceneDelegate.swift; sourceTree = "<group>"; };
		E1DF17BC273C6ABE005A5951 /* ViewController.swift */ = {isa = PBXFileReference; lastKnownFileType = sourcecode.swift; path = ViewController.swift; sourceTree = "<group>"; };
		E1DF17BF273C6ABE005A5951 /* Base */ = {isa = PBXFileReference; lastKnownFileType = file.storyboard; name = Base; path = Base.lproj/Main.storyboard; sourceTree = "<group>"; };
		E1DF17C1273C6ABF005A5951 /* Assets.xcassets */ = {isa = PBXFileReference; lastKnownFileType = folder.assetcatalog; path = Assets.xcassets; sourceTree = "<group>"; };
		E1DF17C4273C6ABF005A5951 /* Base */ = {isa = PBXFileReference; lastKnownFileType = file.storyboard; name = Base; path = Base.lproj/LaunchScreen.storyboard; sourceTree = "<group>"; };
		E1DF17C6273C6ABF005A5951 /* Info.plist */ = {isa = PBXFileReference; lastKnownFileType = text.plist.xml; path = Info.plist; sourceTree = "<group>"; };
		E1DF17CB273C6ABF005A5951 /* PlanMyVacationTests.xctest */ = {isa = PBXFileReference; explicitFileType = wrapper.cfbundle; includeInIndex = 0; path = PlanMyVacationTests.xctest; sourceTree = BUILT_PRODUCTS_DIR; };
		E1DF17CF273C6ABF005A5951 /* PlanMyVacationTests.swift */ = {isa = PBXFileReference; lastKnownFileType = sourcecode.swift; path = PlanMyVacationTests.swift; sourceTree = "<group>"; };
		E1DF17D1273C6ABF005A5951 /* Info.plist */ = {isa = PBXFileReference; lastKnownFileType = text.plist.xml; path = Info.plist; sourceTree = "<group>"; };
		E1DF17D6273C6AC0005A5951 /* PlanMyVacationUITests.xctest */ = {isa = PBXFileReference; explicitFileType = wrapper.cfbundle; includeInIndex = 0; path = PlanMyVacationUITests.xctest; sourceTree = BUILT_PRODUCTS_DIR; };
		E1DF17DA273C6AC0005A5951 /* PlanMyVacationUITests.swift */ = {isa = PBXFileReference; lastKnownFileType = sourcecode.swift; path = PlanMyVacationUITests.swift; sourceTree = "<group>"; };
		E1DF17DC273C6AC0005A5951 /* Info.plist */ = {isa = PBXFileReference; lastKnownFileType = text.plist.xml; path = Info.plist; sourceTree = "<group>"; };
/* End PBXFileReference section */

/* Begin PBXFrameworksBuildPhase section */
		E1DF17B2273C6ABE005A5951 /* Frameworks */ = {
			isa = PBXFrameworksBuildPhase;
			buildActionMask = 2147483647;
			files = (
			);
			runOnlyForDeploymentPostprocessing = 0;
		};
		E1DF17C8273C6ABF005A5951 /* Frameworks */ = {
			isa = PBXFrameworksBuildPhase;
			buildActionMask = 2147483647;
			files = (
			);
			runOnlyForDeploymentPostprocessing = 0;
		};
		E1DF17D3273C6AC0005A5951 /* Frameworks */ = {
			isa = PBXFrameworksBuildPhase;
			buildActionMask = 2147483647;
			files = (
			);
			runOnlyForDeploymentPostprocessing = 0;
		};
/* End PBXFrameworksBuildPhase section */

/* Begin PBXGroup section */
		E1DF17AC273C6ABE005A5951 = {
			isa = PBXGroup;
			children = (
				E1DF17B7273C6ABE005A5951 /* PlanMyVacation */,
				E1DF17CE273C6ABF005A5951 /* PlanMyVacationTests */,
				E1DF17D9273C6AC0005A5951 /* PlanMyVacationUITests */,
				E1DF17B6273C6ABE005A5951 /* Products */,
			);
			sourceTree = "<group>";
		};
		E1DF17B6273C6ABE005A5951 /* Products */ = {
			isa = PBXGroup;
			children = (
				E1DF17B5273C6ABE005A5951 /* PlanMyVacation.app */,
				E1DF17CB273C6ABF005A5951 /* PlanMyVacationTests.xctest */,
				E1DF17D6273C6AC0005A5951 /* PlanMyVacationUITests.xctest */,
			);
			name = Products;
			sourceTree = "<group>";
		};
		E1DF17B7273C6ABE005A5951 /* PlanMyVacation */ = {
			isa = PBXGroup;
			children = (
				E1DF17B8273C6ABE005A5951 /* AppDelegate.swift */,
				E1DF17BA273C6ABE005A5951 /* SceneDelegate.swift */,
				E1DF17BC273C6ABE005A5951 /* ViewController.swift */,
				E18F855D2758017D00B11EFA /* ProfileViewController.swift */,
				84CEA1422755920100083906 /* FavoritesController.swift */,
				E1DF17BE273C6ABE005A5951 /* Main.storyboard */,
				E18F85652758283400B11EFA /* EditProfileViewController.swift */,
				E1DF17C1273C6ABF005A5951 /* Assets.xcassets */,
				E1DF17C3273C6ABF005A5951 /* LaunchScreen.storyboard */,
				E1DF17C6273C6ABF005A5951 /* Info.plist */,
				DFF14F5D27409E710028B82A /* Restaurants.swift */,
				DFF14F5F27409F160028B82A /* FetchRestaurantData.swift */,
				DFF14F672740A4780028B82A /* CustomCell.xib */,
				DFF14F652740A4320028B82A /* CustomCell.swift */,
				84CEA140275577C000083906 /* FavoritedCity.swift */,
				DF3BA3EA274B49490088D8D6 /* DetailedViewController.swift */,
				DF5BDE09275346290015B367 /* Explore.swift */,
				DF4A958027548E35005ABBB8 /* favoriteListClass.swift */,
				DF4A958227548E9B005ABBB8 /* favData.plist */,
				DF12BF5E2757FB35003E1A0E /* CustomModalViewController.swift */,
				DF12BF6027581A29003E1A0E /* Reviews.swift */,
				E18F856927583C5700B11EFA /* ProfileController.swift */,
				E18F856B27583EDA00B11EFA /* Profile.swift */,
			);
			path = PlanMyVacation;
			sourceTree = "<group>";
		};
		E1DF17CE273C6ABF005A5951 /* PlanMyVacationTests */ = {
			isa = PBXGroup;
			children = (
				E1DF17CF273C6ABF005A5951 /* PlanMyVacationTests.swift */,
				E1DF17D1273C6ABF005A5951 /* Info.plist */,
			);
			path = PlanMyVacationTests;
			sourceTree = "<group>";
		};
		E1DF17D9273C6AC0005A5951 /* PlanMyVacationUITests */ = {
			isa = PBXGroup;
			children = (
				E1DF17DA273C6AC0005A5951 /* PlanMyVacationUITests.swift */,
				E1DF17DC273C6AC0005A5951 /* Info.plist */,
			);
			path = PlanMyVacationUITests;
			sourceTree = "<group>";
		};
/* End PBXGroup section */

/* Begin PBXNativeTarget section */
		E1DF17B4273C6ABE005A5951 /* PlanMyVacation */ = {
			isa = PBXNativeTarget;
			buildConfigurationList = E1DF17DF273C6AC0005A5951 /* Build configuration list for PBXNativeTarget "PlanMyVacation" */;
			buildPhases = (
				E1DF17B1273C6ABE005A5951 /* Sources */,
				E1DF17B2273C6ABE005A5951 /* Frameworks */,
				E1DF17B3273C6ABE005A5951 /* Resources */,
			);
			buildRules = (
			);
			dependencies = (
			);
			name = PlanMyVacation;
			productName = PlanMyVacation;
			productReference = E1DF17B5273C6ABE005A5951 /* PlanMyVacation.app */;
			productType = "com.apple.product-type.application";
		};
		E1DF17CA273C6ABF005A5951 /* PlanMyVacationTests */ = {
			isa = PBXNativeTarget;
			buildConfigurationList = E1DF17E2273C6AC0005A5951 /* Build configuration list for PBXNativeTarget "PlanMyVacationTests" */;
			buildPhases = (
				E1DF17C7273C6ABF005A5951 /* Sources */,
				E1DF17C8273C6ABF005A5951 /* Frameworks */,
				E1DF17C9273C6ABF005A5951 /* Resources */,
			);
			buildRules = (
			);
			dependencies = (
				E1DF17CD273C6ABF005A5951 /* PBXTargetDependency */,
			);
			name = PlanMyVacationTests;
			productName = PlanMyVacationTests;
			productReference = E1DF17CB273C6ABF005A5951 /* PlanMyVacationTests.xctest */;
			productType = "com.apple.product-type.bundle.unit-test";
		};
		E1DF17D5273C6AC0005A5951 /* PlanMyVacationUITests */ = {
			isa = PBXNativeTarget;
			buildConfigurationList = E1DF17E5273C6AC0005A5951 /* Build configuration list for PBXNativeTarget "PlanMyVacationUITests" */;
			buildPhases = (
				E1DF17D2273C6AC0005A5951 /* Sources */,
				E1DF17D3273C6AC0005A5951 /* Frameworks */,
				E1DF17D4273C6AC0005A5951 /* Resources */,
			);
			buildRules = (
			);
			dependencies = (
				E1DF17D8273C6AC0005A5951 /* PBXTargetDependency */,
			);
			name = PlanMyVacationUITests;
			productName = PlanMyVacationUITests;
			productReference = E1DF17D6273C6AC0005A5951 /* PlanMyVacationUITests.xctest */;
			productType = "com.apple.product-type.bundle.ui-testing";
		};
/* End PBXNativeTarget section */

/* Begin PBXProject section */
		E1DF17AD273C6ABE005A5951 /* Project object */ = {
			isa = PBXProject;
			attributes = {
				LastSwiftUpdateCheck = 1250;
				LastUpgradeCheck = 1250;
				TargetAttributes = {
					E1DF17B4273C6ABE005A5951 = {
						CreatedOnToolsVersion = 12.5;
					};
					E1DF17CA273C6ABF005A5951 = {
						CreatedOnToolsVersion = 12.5;
						TestTargetID = E1DF17B4273C6ABE005A5951;
					};
					E1DF17D5273C6AC0005A5951 = {
						CreatedOnToolsVersion = 12.5;
						TestTargetID = E1DF17B4273C6ABE005A5951;
					};
				};
			};
			buildConfigurationList = E1DF17B0273C6ABE005A5951 /* Build configuration list for PBXProject "PlanMyVacation" */;
			compatibilityVersion = "Xcode 9.3";
			developmentRegion = en;
			hasScannedForEncodings = 0;
			knownRegions = (
				en,
				Base,
			);
			mainGroup = E1DF17AC273C6ABE005A5951;
			productRefGroup = E1DF17B6273C6ABE005A5951 /* Products */;
			projectDirPath = "";
			projectRoot = "";
			targets = (
				E1DF17B4273C6ABE005A5951 /* PlanMyVacation */,
				E1DF17CA273C6ABF005A5951 /* PlanMyVacationTests */,
				E1DF17D5273C6AC0005A5951 /* PlanMyVacationUITests */,
			);
		};
/* End PBXProject section */

/* Begin PBXResourcesBuildPhase section */
		E1DF17B3273C6ABE005A5951 /* Resources */ = {
			isa = PBXResourcesBuildPhase;
			buildActionMask = 2147483647;
			files = (
				E1DF17C5273C6ABF005A5951 /* LaunchScreen.storyboard in Resources */,
				E1DF17C2273C6ABF005A5951 /* Assets.xcassets in Resources */,
				DFF14F682740A4780028B82A /* CustomCell.xib in Resources */,
				E1DF17C0273C6ABE005A5951 /* Main.storyboard in Resources */,
				DF4A958327548E9B005ABBB8 /* favData.plist in Resources */,
			);
			runOnlyForDeploymentPostprocessing = 0;
		};
		E1DF17C9273C6ABF005A5951 /* Resources */ = {
			isa = PBXResourcesBuildPhase;
			buildActionMask = 2147483647;
			files = (
			);
			runOnlyForDeploymentPostprocessing = 0;
		};
		E1DF17D4273C6AC0005A5951 /* Resources */ = {
			isa = PBXResourcesBuildPhase;
			buildActionMask = 2147483647;
			files = (
			);
			runOnlyForDeploymentPostprocessing = 0;
		};
/* End PBXResourcesBuildPhase section */

/* Begin PBXSourcesBuildPhase section */
		E1DF17B1273C6ABE005A5951 /* Sources */ = {
			isa = PBXSourcesBuildPhase;
			buildActionMask = 2147483647;
			files = (
				E18F85662758283400B11EFA /* EditProfileViewController.swift in Sources */,
				DF12BF6127581A29003E1A0E /* Reviews.swift in Sources */,
				DF5BDE0A275346290015B367 /* Explore.swift in Sources */,
				DF3BA3EB274B49490088D8D6 /* DetailedViewController.swift in Sources */,
				DFF14F6027409F160028B82A /* FetchRestaurantData.swift in Sources */,
				E18F856A27583C5700B11EFA /* ProfileController.swift in Sources */,
				E1DF17BD273C6ABE005A5951 /* ViewController.swift in Sources */,
				DF12BF5F2757FB35003E1A0E /* CustomModalViewController.swift in Sources */,
				E1DF17B9273C6ABE005A5951 /* AppDelegate.swift in Sources */,
				E18F856C27583EDA00B11EFA /* Profile.swift in Sources */,
				E18F855E2758017D00B11EFA /* ProfileViewController.swift in Sources */,
				E1DF17BB273C6ABE005A5951 /* SceneDelegate.swift in Sources */,
				84CEA141275577C000083906 /* FavoritedCity.swift in Sources */,
				DFF14F5E27409E710028B82A /* Restaurants.swift in Sources */,
				DFF14F662740A4320028B82A /* CustomCell.swift in Sources */,
				84CEA1432755920100083906 /* FavoritesController.swift in Sources */,
			);
			runOnlyForDeploymentPostprocessing = 0;
		};
		E1DF17C7273C6ABF005A5951 /* Sources */ = {
			isa = PBXSourcesBuildPhase;
			buildActionMask = 2147483647;
			files = (
				E1DF17D0273C6ABF005A5951 /* PlanMyVacationTests.swift in Sources */,
			);
			runOnlyForDeploymentPostprocessing = 0;
		};
		E1DF17D2273C6AC0005A5951 /* Sources */ = {
			isa = PBXSourcesBuildPhase;
			buildActionMask = 2147483647;
			files = (
				E1DF17DB273C6AC0005A5951 /* PlanMyVacationUITests.swift in Sources */,
			);
			runOnlyForDeploymentPostprocessing = 0;
		};
/* End PBXSourcesBuildPhase section */

/* Begin PBXTargetDependency section */
		E1DF17CD273C6ABF005A5951 /* PBXTargetDependency */ = {
			isa = PBXTargetDependency;
			target = E1DF17B4273C6ABE005A5951 /* PlanMyVacation */;
			targetProxy = E1DF17CC273C6ABF005A5951 /* PBXContainerItemProxy */;
		};
		E1DF17D8273C6AC0005A5951 /* PBXTargetDependency */ = {
			isa = PBXTargetDependency;
			target = E1DF17B4273C6ABE005A5951 /* PlanMyVacation */;
			targetProxy = E1DF17D7273C6AC0005A5951 /* PBXContainerItemProxy */;
		};
/* End PBXTargetDependency section */

/* Begin PBXVariantGroup section */
		E1DF17BE273C6ABE005A5951 /* Main.storyboard */ = {
			isa = PBXVariantGroup;
			children = (
				E1DF17BF273C6ABE005A5951 /* Base */,
			);
			name = Main.storyboard;
			sourceTree = "<group>";
		};
		E1DF17C3273C6ABF005A5951 /* LaunchScreen.storyboard */ = {
			isa = PBXVariantGroup;
			children = (
				E1DF17C4273C6ABF005A5951 /* Base */,
			);
			name = LaunchScreen.storyboard;
			sourceTree = "<group>";
		};
/* End PBXVariantGroup section */

/* Begin XCBuildConfiguration section */
		E1DF17DD273C6AC0005A5951 /* Debug */ = {
			isa = XCBuildConfiguration;
			buildSettings = {
				ALWAYS_SEARCH_USER_PATHS = NO;
				CLANG_ANALYZER_NONNULL = YES;
				CLANG_ANALYZER_NUMBER_OBJECT_CONVERSION = YES_AGGRESSIVE;
				CLANG_CXX_LANGUAGE_STANDARD = "gnu++14";
				CLANG_CXX_LIBRARY = "libc++";
				CLANG_ENABLE_MODULES = YES;
				CLANG_ENABLE_OBJC_ARC = YES;
				CLANG_ENABLE_OBJC_WEAK = YES;
				CLANG_WARN_BLOCK_CAPTURE_AUTORELEASING = YES;
				CLANG_WARN_BOOL_CONVERSION = YES;
				CLANG_WARN_COMMA = YES;
				CLANG_WARN_CONSTANT_CONVERSION = YES;
				CLANG_WARN_DEPRECATED_OBJC_IMPLEMENTATIONS = YES;
				CLANG_WARN_DIRECT_OBJC_ISA_USAGE = YES_ERROR;
				CLANG_WARN_DOCUMENTATION_COMMENTS = YES;
				CLANG_WARN_EMPTY_BODY = YES;
				CLANG_WARN_ENUM_CONVERSION = YES;
				CLANG_WARN_INFINITE_RECURSION = YES;
				CLANG_WARN_INT_CONVERSION = YES;
				CLANG_WARN_NON_LITERAL_NULL_CONVERSION = YES;
				CLANG_WARN_OBJC_IMPLICIT_RETAIN_SELF = YES;
				CLANG_WARN_OBJC_LITERAL_CONVERSION = YES;
				CLANG_WARN_OBJC_ROOT_CLASS = YES_ERROR;
				CLANG_WARN_QUOTED_INCLUDE_IN_FRAMEWORK_HEADER = YES;
				CLANG_WARN_RANGE_LOOP_ANALYSIS = YES;
				CLANG_WARN_STRICT_PROTOTYPES = YES;
				CLANG_WARN_SUSPICIOUS_MOVE = YES;
				CLANG_WARN_UNGUARDED_AVAILABILITY = YES_AGGRESSIVE;
				CLANG_WARN_UNREACHABLE_CODE = YES;
				CLANG_WARN__DUPLICATE_METHOD_MATCH = YES;
				COPY_PHASE_STRIP = NO;
				DEBUG_INFORMATION_FORMAT = dwarf;
				ENABLE_STRICT_OBJC_MSGSEND = YES;
				ENABLE_TESTABILITY = YES;
				GCC_C_LANGUAGE_STANDARD = gnu11;
				GCC_DYNAMIC_NO_PIC = NO;
				GCC_NO_COMMON_BLOCKS = YES;
				GCC_OPTIMIZATION_LEVEL = 0;
				GCC_PREPROCESSOR_DEFINITIONS = (
					"DEBUG=1",
					"$(inherited)",
				);
				GCC_WARN_64_TO_32_BIT_CONVERSION = YES;
				GCC_WARN_ABOUT_RETURN_TYPE = YES_ERROR;
				GCC_WARN_UNDECLARED_SELECTOR = YES;
				GCC_WARN_UNINITIALIZED_AUTOS = YES_AGGRESSIVE;
				GCC_WARN_UNUSED_FUNCTION = YES;
				GCC_WARN_UNUSED_VARIABLE = YES;
				IPHONEOS_DEPLOYMENT_TARGET = 14.5;
				MTL_ENABLE_DEBUG_INFO = INCLUDE_SOURCE;
				MTL_FAST_MATH = YES;
				ONLY_ACTIVE_ARCH = YES;
				SDKROOT = iphoneos;
				SWIFT_ACTIVE_COMPILATION_CONDITIONS = DEBUG;
				SWIFT_OPTIMIZATION_LEVEL = "-Onone";
			};
			name = Debug;
		};
		E1DF17DE273C6AC0005A5951 /* Release */ = {
			isa = XCBuildConfiguration;
			buildSettings = {
				ALWAYS_SEARCH_USER_PATHS = NO;
				CLANG_ANALYZER_NONNULL = YES;
				CLANG_ANALYZER_NUMBER_OBJECT_CONVERSION = YES_AGGRESSIVE;
				CLANG_CXX_LANGUAGE_STANDARD = "gnu++14";
				CLANG_CXX_LIBRARY = "libc++";
				CLANG_ENABLE_MODULES = YES;
				CLANG_ENABLE_OBJC_ARC = YES;
				CLANG_ENABLE_OBJC_WEAK = YES;
				CLANG_WARN_BLOCK_CAPTURE_AUTORELEASING = YES;
				CLANG_WARN_BOOL_CONVERSION = YES;
				CLANG_WARN_COMMA = YES;
				CLANG_WARN_CONSTANT_CONVERSION = YES;
				CLANG_WARN_DEPRECATED_OBJC_IMPLEMENTATIONS = YES;
				CLANG_WARN_DIRECT_OBJC_ISA_USAGE = YES_ERROR;
				CLANG_WARN_DOCUMENTATION_COMMENTS = YES;
				CLANG_WARN_EMPTY_BODY = YES;
				CLANG_WARN_ENUM_CONVERSION = YES;
				CLANG_WARN_INFINITE_RECURSION = YES;
				CLANG_WARN_INT_CONVERSION = YES;
				CLANG_WARN_NON_LITERAL_NULL_CONVERSION = YES;
				CLANG_WARN_OBJC_IMPLICIT_RETAIN_SELF = YES;
				CLANG_WARN_OBJC_LITERAL_CONVERSION = YES;
				CLANG_WARN_OBJC_ROOT_CLASS = YES_ERROR;
				CLANG_WARN_QUOTED_INCLUDE_IN_FRAMEWORK_HEADER = YES;
				CLANG_WARN_RANGE_LOOP_ANALYSIS = YES;
				CLANG_WARN_STRICT_PROTOTYPES = YES;
				CLANG_WARN_SUSPICIOUS_MOVE = YES;
				CLANG_WARN_UNGUARDED_AVAILABILITY = YES_AGGRESSIVE;
				CLANG_WARN_UNREACHABLE_CODE = YES;
				CLANG_WARN__DUPLICATE_METHOD_MATCH = YES;
				COPY_PHASE_STRIP = NO;
				DEBUG_INFORMATION_FORMAT = "dwarf-with-dsym";
				ENABLE_NS_ASSERTIONS = NO;
				ENABLE_STRICT_OBJC_MSGSEND = YES;
				GCC_C_LANGUAGE_STANDARD = gnu11;
				GCC_NO_COMMON_BLOCKS = YES;
				GCC_WARN_64_TO_32_BIT_CONVERSION = YES;
				GCC_WARN_ABOUT_RETURN_TYPE = YES_ERROR;
				GCC_WARN_UNDECLARED_SELECTOR = YES;
				GCC_WARN_UNINITIALIZED_AUTOS = YES_AGGRESSIVE;
				GCC_WARN_UNUSED_FUNCTION = YES;
				GCC_WARN_UNUSED_VARIABLE = YES;
				IPHONEOS_DEPLOYMENT_TARGET = 14.5;
				MTL_ENABLE_DEBUG_INFO = NO;
				MTL_FAST_MATH = YES;
				SDKROOT = iphoneos;
				SWIFT_COMPILATION_MODE = wholemodule;
				SWIFT_OPTIMIZATION_LEVEL = "-O";
				VALIDATE_PRODUCT = YES;
			};
			name = Release;
		};
		E1DF17E0273C6AC0005A5951 /* Debug */ = {
			isa = XCBuildConfiguration;
			buildSettings = {
				ASSETCATALOG_COMPILER_APPICON_NAME = AppIcon;
				ASSETCATALOG_COMPILER_GLOBAL_ACCENT_COLOR_NAME = AccentColor;
				CODE_SIGN_STYLE = Automatic;
				DEVELOPMENT_TEAM = 2Z2TC6LFVT;
				INFOPLIST_FILE = PlanMyVacation/Info.plist;
				LD_RUNPATH_SEARCH_PATHS = (
					"$(inherited)",
					"@executable_path/Frameworks",
				);
				PRODUCT_BUNDLE_IDENTIFIER = co.wsilber.PlanMyVacation;
				PRODUCT_NAME = "$(TARGET_NAME)";
				SWIFT_VERSION = 5.0;
				TARGETED_DEVICE_FAMILY = "1,2";
			};
			name = Debug;
		};
		E1DF17E1273C6AC0005A5951 /* Release */ = {
			isa = XCBuildConfiguration;
			buildSettings = {
				ASSETCATALOG_COMPILER_APPICON_NAME = AppIcon;
				ASSETCATALOG_COMPILER_GLOBAL_ACCENT_COLOR_NAME = AccentColor;
				CODE_SIGN_STYLE = Automatic;
				DEVELOPMENT_TEAM = 2Z2TC6LFVT;
				INFOPLIST_FILE = PlanMyVacation/Info.plist;
				LD_RUNPATH_SEARCH_PATHS = (
					"$(inherited)",
					"@executable_path/Frameworks",
				);
				PRODUCT_BUNDLE_IDENTIFIER = co.wsilber.PlanMyVacation;
				PRODUCT_NAME = "$(TARGET_NAME)";
				SWIFT_VERSION = 5.0;
				TARGETED_DEVICE_FAMILY = "1,2";
			};
			name = Release;
		};
		E1DF17E3273C6AC0005A5951 /* Debug */ = {
			isa = XCBuildConfiguration;
			buildSettings = {
				ALWAYS_EMBED_SWIFT_STANDARD_LIBRARIES = YES;
				BUNDLE_LOADER = "$(TEST_HOST)";
				CODE_SIGN_STYLE = Automatic;
				DEVELOPMENT_TEAM = 2Z2TC6LFVT;
				INFOPLIST_FILE = PlanMyVacationTests/Info.plist;
				IPHONEOS_DEPLOYMENT_TARGET = 14.5;
				LD_RUNPATH_SEARCH_PATHS = (
					"$(inherited)",
					"@executable_path/Frameworks",
					"@loader_path/Frameworks",
				);
				PRODUCT_BUNDLE_IDENTIFIER = co.wsilber.PlanMyVacationTests;
				PRODUCT_NAME = "$(TARGET_NAME)";
				SWIFT_VERSION = 5.0;
				TARGETED_DEVICE_FAMILY = "1,2";
				TEST_HOST = "$(BUILT_PRODUCTS_DIR)/PlanMyVacation.app/PlanMyVacation";
			};
			name = Debug;
		};
		E1DF17E4273C6AC0005A5951 /* Release */ = {
			isa = XCBuildConfiguration;
			buildSettings = {
				ALWAYS_EMBED_SWIFT_STANDARD_LIBRARIES = YES;
				BUNDLE_LOADER = "$(TEST_HOST)";
				CODE_SIGN_STYLE = Automatic;
				DEVELOPMENT_TEAM = 2Z2TC6LFVT;
				INFOPLIST_FILE = PlanMyVacationTests/Info.plist;
				IPHONEOS_DEPLOYMENT_TARGET = 14.5;
				LD_RUNPATH_SEARCH_PATHS = (
					"$(inherited)",
					"@executable_path/Frameworks",
					"@loader_path/Frameworks",
				);
				PRODUCT_BUNDLE_IDENTIFIER = co.wsilber.PlanMyVacationTests;
				PRODUCT_NAME = "$(TARGET_NAME)";
				SWIFT_VERSION = 5.0;
				TARGETED_DEVICE_FAMILY = "1,2";
				TEST_HOST = "$(BUILT_PRODUCTS_DIR)/PlanMyVacation.app/PlanMyVacation";
			};
			name = Release;
		};
		E1DF17E6273C6AC0005A5951 /* Debug */ = {
			isa = XCBuildConfiguration;
			buildSettings = {
				ALWAYS_EMBED_SWIFT_STANDARD_LIBRARIES = YES;
				CODE_SIGN_STYLE = Automatic;
				DEVELOPMENT_TEAM = 2Z2TC6LFVT;
				INFOPLIST_FILE = PlanMyVacationUITests/Info.plist;
				LD_RUNPATH_SEARCH_PATHS = (
					"$(inherited)",
					"@executable_path/Frameworks",
					"@loader_path/Frameworks",
				);
				PRODUCT_BUNDLE_IDENTIFIER = co.wsilber.PlanMyVacationUITests;
				PRODUCT_NAME = "$(TARGET_NAME)";
				SWIFT_VERSION = 5.0;
				TARGETED_DEVICE_FAMILY = "1,2";
				TEST_TARGET_NAME = PlanMyVacation;
			};
			name = Debug;
		};
		E1DF17E7273C6AC0005A5951 /* Release */ = {
			isa = XCBuildConfiguration;
			buildSettings = {
				ALWAYS_EMBED_SWIFT_STANDARD_LIBRARIES = YES;
				CODE_SIGN_STYLE = Automatic;
				DEVELOPMENT_TEAM = 2Z2TC6LFVT;
				INFOPLIST_FILE = PlanMyVacationUITests/Info.plist;
				LD_RUNPATH_SEARCH_PATHS = (
					"$(inherited)",
					"@executable_path/Frameworks",
					"@loader_path/Frameworks",
				);
				PRODUCT_BUNDLE_IDENTIFIER = co.wsilber.PlanMyVacationUITests;
				PRODUCT_NAME = "$(TARGET_NAME)";
				SWIFT_VERSION = 5.0;
				TARGETED_DEVICE_FAMILY = "1,2";
				TEST_TARGET_NAME = PlanMyVacation;
			};
			name = Release;
		};
/* End XCBuildConfiguration section */

/* Begin XCConfigurationList section */
		E1DF17B0273C6ABE005A5951 /* Build configuration list for PBXProject "PlanMyVacation" */ = {
			isa = XCConfigurationList;
			buildConfigurations = (
				E1DF17DD273C6AC0005A5951 /* Debug */,
				E1DF17DE273C6AC0005A5951 /* Release */,
			);
			defaultConfigurationIsVisible = 0;
			defaultConfigurationName = Release;
		};
		E1DF17DF273C6AC0005A5951 /* Build configuration list for PBXNativeTarget "PlanMyVacation" */ = {
			isa = XCConfigurationList;
			buildConfigurations = (
				E1DF17E0273C6AC0005A5951 /* Debug */,
				E1DF17E1273C6AC0005A5951 /* Release */,
			);
			defaultConfigurationIsVisible = 0;
			defaultConfigurationName = Release;
		};
		E1DF17E2273C6AC0005A5951 /* Build configuration list for PBXNativeTarget "PlanMyVacationTests" */ = {
			isa = XCConfigurationList;
			buildConfigurations = (
				E1DF17E3273C6AC0005A5951 /* Debug */,
				E1DF17E4273C6AC0005A5951 /* Release */,
			);
			defaultConfigurationIsVisible = 0;
			defaultConfigurationName = Release;
		};
		E1DF17E5273C6AC0005A5951 /* Build configuration list for PBXNativeTarget "PlanMyVacationUITests" */ = {
			isa = XCConfigurationList;
			buildConfigurations = (
				E1DF17E6273C6AC0005A5951 /* Debug */,
				E1DF17E7273C6AC0005A5951 /* Release */,
			);
			defaultConfigurationIsVisible = 0;
			defaultConfigurationName = Release;
		};
/* End XCConfigurationList section */
	};
	rootObject = E1DF17AD273C6ABE005A5951 /* Project object */;
}
